
Microsoft Visual Studio Solution File, Format Version 12.00
# Visual Studio Version 16
VisualStudioVersion = 16.0.30011.22
MinimumVisualStudioVersion = 10.0.40219.1
Project("{FAE04EC0-301F-11D3-BF4B-00C04F79EFBC}") = "FiniteStateMachine", "FiniteStateMachine\FiniteStateMachine.csproj", "{34A89B9C-D2FA-4D7F-B5D5-4306AB6E0171}"
EndProject
Global
	GlobalSection(SolutionConfigurationPlatforms) = preSolution
		Debug|x64 = Debug|x64
	EndGlobalSection
	GlobalSection(ProjectConfigurationPlatforms) = postSolution
		{34A89B9C-D2FA-4D7F-B5D5-4306AB6E0171}.Debug|x64.ActiveCfg = Debug|x64
		{34A89B9C-D2FA-4D7F-B5D5-4306AB6E0171}.Debug|x64.Build.0 = Debug|x64
	EndGlobalSection
	GlobalSection(SolutionProperties) = preSolution
		HideSolutionNode = FALSE
	EndGlobalSection
	GlobalSection(ExtensibilityGlobals) = postSolution
		SolutionGuid = {25A55ED9-DA16-4526-AFCF-0E5BB62E19D6}
	EndGlobalSection
EndGlobal
